
Microsoft Visual Studio Solution File, Format Version 12.00
# Visual Studio 14
VisualStudioVersion = 14.0.25420.1
MinimumVisualStudioVersion = 10.0.40219.1
Project("{2150E333-8FDC-42A3-9474-1A3956D46DE8}") = "src", "src", "{9D6EBCBD-3AEF-4027-9E1E-F3633F998AE4}"
EndProject
Project("{2150E333-8FDC-42A3-9474-1A3956D46DE8}") = "Solution Items", "Solution Items", "{EC2BED90-51D7-48BC-8B2D-DB604CE6CCFC}"
	ProjectSection(SolutionItems) = preProject
		global.json = global.json
	EndProjectSection
EndProject
Project("{8BB2217D-0F2D-49D1-97BC-3654ED321F3B}") = "ASPCoreSample", "src\ASPCoreSample\ASPCoreSample.xproj", "{67948CC9-95A5-4618-8375-2649CBD9A228}"
EndProject
Global
	GlobalSection(SolutionConfigurationPlatforms) = preSolution
		Debug|Any CPU = Debug|Any CPU
		Release|Any CPU = Release|Any CPU
	EndGlobalSection
	GlobalSection(ProjectConfigurationPlatforms) = postSolution
		{67948CC9-95A5-4618-8375-2649CBD9A228}.Debug|Any CPU.ActiveCfg = Debug|Any CPU
		{67948CC9-95A5-4618-8375-2649CBD9A228}.Debug|Any CPU.Build.0 = Debug|Any CPU
		{67948CC9-95A5-4618-8375-2649CBD9A228}.Release|Any CPU.ActiveCfg = Release|Any CPU
		{67948CC9-95A5-4618-8375-2649CBD9A228}.Release|Any CPU.Build.0 = Release|Any CPU
	EndGlobalSection
	GlobalSection(SolutionProperties) = preSolution
		HideSolutionNode = FALSE
	EndGlobalSection
	GlobalSection(NestedProjects) = preSolution
		{67948CC9-95A5-4618-8375-2649CBD9A228} = {9D6EBCBD-3AEF-4027-9E1E-F3633F998AE4}
	EndGlobalSection
EndGlobal
